
Microsoft Visual Studio Solution File, Format Version 12.00
# Visual Studio Version 17
VisualStudioVersion = 17.4.33213.308
MinimumVisualStudioVersion = 10.0.40219.1
Project("{9A19103F-16F7-4668-BE54-9A1E7A4F7556}") = "WarehouseManagent", "WarehouseManagemt\WarehouseManagent.csproj", "{E585F783-B9D6-487B-A0ED-85FD66174373}"
EndProject
Project("{9A19103F-16F7-4668-BE54-9A1E7A4F7556}") = "WarehouseManagent.Data", "WarehouseManagent.Data\WarehouseManagent.Data.csproj", "{78F49B28-71E9-4D7B-9B42-6FA3E3228443}"
EndProject
Project("{9A19103F-16F7-4668-BE54-9A1E7A4F7556}") = "WarehouseManagent.Business", "WarehouseManagent.Business\WarehouseManagent.Business.csproj", "{F9372EAF-E1E3-49BA-BF68-BF27F5C563BD}"
EndProject
Project("{9A19103F-16F7-4668-BE54-9A1E7A4F7556}") = "WarehouseManagent.Repository", "WarehouseManagent.Repository\WarehouseManagent.Repository.csproj", "{994F289F-16D0-4464-B34A-2BFE7B142F0F}"
EndProject
Project("{9A19103F-16F7-4668-BE54-9A1E7A4F7556}") = "WarehouseManagent.ViewModels", "WarehouseManagement.ViewModels\WarehouseManagent.ViewModels.csproj", "{6025717D-A557-40C7-9479-623FE30D0A92}"
EndProject
Project("{FAE04EC0-301F-11D3-BF4B-00C04F79EFBC}") = "WarehouseManagent.Tests", "WarehouseManagent.Tests\WarehouseManagent.Tests.csproj", "{7BE86492-5BA2-4188-9F5B-1C43A85B8631}"
EndProject
Global
	GlobalSection(SolutionConfigurationPlatforms) = preSolution
		Debug|Any CPU = Debug|Any CPU
		Release|Any CPU = Release|Any CPU
	EndGlobalSection
	GlobalSection(ProjectConfigurationPlatforms) = postSolution
		{E585F783-B9D6-487B-A0ED-85FD66174373}.Debug|Any CPU.ActiveCfg = Debug|Any CPU
		{E585F783-B9D6-487B-A0ED-85FD66174373}.Debug|Any CPU.Build.0 = Debug|Any CPU
		{E585F783-B9D6-487B-A0ED-85FD66174373}.Release|Any CPU.ActiveCfg = Release|Any CPU
		{E585F783-B9D6-487B-A0ED-85FD66174373}.Release|Any CPU.Build.0 = Release|Any CPU
		{78F49B28-71E9-4D7B-9B42-6FA3E3228443}.Debug|Any CPU.ActiveCfg = Debug|Any CPU
		{78F49B28-71E9-4D7B-9B42-6FA3E3228443}.Debug|Any CPU.Build.0 = Debug|Any CPU
		{78F49B28-71E9-4D7B-9B42-6FA3E3228443}.Release|Any CPU.ActiveCfg = Release|Any CPU
		{78F49B28-71E9-4D7B-9B42-6FA3E3228443}.Release|Any CPU.Build.0 = Release|Any CPU
		{F9372EAF-E1E3-49BA-BF68-BF27F5C563BD}.Debug|Any CPU.ActiveCfg = Debug|Any CPU
		{F9372EAF-E1E3-49BA-BF68-BF27F5C563BD}.Debug|Any CPU.Build.0 = Debug|Any CPU
		{F9372EAF-E1E3-49BA-BF68-BF27F5C563BD}.Release|Any CPU.ActiveCfg = Release|Any CPU
		{F9372EAF-E1E3-49BA-BF68-BF27F5C563BD}.Release|Any CPU.Build.0 = Release|Any CPU
		{994F289F-16D0-4464-B34A-2BFE7B142F0F}.Debug|Any CPU.ActiveCfg = Debug|Any CPU
		{994F289F-16D0-4464-B34A-2BFE7B142F0F}.Debug|Any CPU.Build.0 = Debug|Any CPU
		{994F289F-16D0-4464-B34A-2BFE7B142F0F}.Release|Any CPU.ActiveCfg = Release|Any CPU
		{994F289F-16D0-4464-B34A-2BFE7B142F0F}.Release|Any CPU.Build.0 = Release|Any CPU
		{6025717D-A557-40C7-9479-623FE30D0A92}.Debug|Any CPU.ActiveCfg = Debug|Any CPU
		{6025717D-A557-40C7-9479-623FE30D0A92}.Debug|Any CPU.Build.0 = Debug|Any CPU
		{6025717D-A557-40C7-9479-623FE30D0A92}.Release|Any CPU.ActiveCfg = Release|Any CPU
		{6025717D-A557-40C7-9479-623FE30D0A92}.Release|Any CPU.Build.0 = Release|Any CPU
		{7BE86492-5BA2-4188-9F5B-1C43A85B8631}.Debug|Any CPU.ActiveCfg = Debug|Any CPU
		{7BE86492-5BA2-4188-9F5B-1C43A85B8631}.Debug|Any CPU.Build.0 = Debug|Any CPU
		{7BE86492-5BA2-4188-9F5B-1C43A85B8631}.Release|Any CPU.ActiveCfg = Release|Any CPU
		{7BE86492-5BA2-4188-9F5B-1C43A85B8631}.Release|Any CPU.Build.0 = Release|Any CPU
	EndGlobalSection
	GlobalSection(SolutionProperties) = preSolution
		HideSolutionNode = FALSE
	EndGlobalSection
	GlobalSection(ExtensibilityGlobals) = postSolution
		SolutionGuid = {0278D8CF-56FE-4251-B69E-0CF63C61953F}
	EndGlobalSection
EndGlobal
